// !$*UTF8*$!
{
	archiveVersion = 1;
	classes = {
	};
	objectVersion = 56;
	objects = {

/* Begin PBXBuildFile section */
		CE6CBDA82DED1AB7003265CB /* Simulator Screenshot - iPhone 15 Pro - 2025-06-01 at 20.21.06.png in Resources */ = {isa = PBXBuildFile; fileRef = CE6CBDA72DED1AB7003265CB /* Simulator Screenshot - iPhone 15 Pro - 2025-06-01 at 20.21.06.png */; };
		CE7D41AB2CF48D5800362520 /* SuperheroApp.swift in Sources */ = {isa = PBXBuildFile; fileRef = CE7D41AA2CF48D5800362520 /* SuperheroApp.swift */; };
		CE7D41AD2CF48D5800362520 /* MenuView.swift in Sources */ = {isa = PBXBuildFile; fileRef = CE7D41AC2CF48D5800362520 /* MenuView.swift */; };
		CE7D41AF2CF48D5B00362520 /* Assets.xcassets in Resources */ = {isa = PBXBuildFile; fileRef = CE7D41AE2CF48D5B00362520 /* Assets.xcassets */; };
		CE7D41B22CF48D5B00362520 /* Preview Assets.xcassets in Resources */ = {isa = PBXBuildFile; fileRef = CE7D41B12CF48D5B00362520 /* Preview Assets.xcassets */; };
		CE7D41B92CF48EB800362520 /* SuperheroSearcher.swift in Sources */ = {isa = PBXBuildFile; fileRef = CE7D41B82CF48EB800362520 /* SuperheroSearcher.swift */; };
		CE7D41BB2CF48EF700362520 /* ApiNetwork.swift in Sources */ = {isa = PBXBuildFile; fileRef = CE7D41BA2CF48EF700362520 /* ApiNetwork.swift */; };
		CE7D41BD2CF48F2100362520 /* SuperheroDetail.swift in Sources */ = {isa = PBXBuildFile; fileRef = CE7D41BC2CF48F2100362520 /* SuperheroDetail.swift */; };
		CE7D41C02CF48F9F00362520 /* SDWebImageSwiftUI in Frameworks */ = {isa = PBXBuildFile; productRef = CE7D41BF2CF48F9F00362520 /* SDWebImageSwiftUI */; };
/* End PBXBuildFile section */

/* Begin PBXFileReference section */
		CE6CBDA72DED1AB7003265CB /* Simulator Screenshot - iPhone 15 Pro - 2025-06-01 at 20.21.06.png */ = {isa = PBXFileReference; lastKnownFileType = image.png; path = "Simulator Screenshot - iPhone 15 Pro - 2025-06-01 at 20.21.06.png"; sourceTree = "<group>"; };
		CE7D41A72CF48D5800362520 /* Superhero.app */ = {isa = PBXFileReference; explicitFileType = wrapper.application; includeInIndex = 0; path = Superhero.app; sourceTree = BUILT_PRODUCTS_DIR; };
		CE7D41AA2CF48D5800362520 /* SuperheroApp.swift */ = {isa = PBXFileReference; lastKnownFileType = sourcecode.swift; path = SuperheroApp.swift; sourceTree = "<group>"; };
		CE7D41AC2CF48D5800362520 /* MenuView.swift */ = {isa = PBXFileReference; lastKnownFileType = sourcecode.swift; path = MenuView.swift; sourceTree = "<group>"; };
		CE7D41AE2CF48D5B00362520 /* Assets.xcassets */ = {isa = PBXFileReference; lastKnownFileType = folder.assetcatalog; path = Assets.xcassets; sourceTree = "<group>"; };
		CE7D41B12CF48D5B00362520 /* Preview Assets.xcassets */ = {isa = PBXFileReference; lastKnownFileType = folder.assetcatalog; path = "Preview Assets.xcassets"; sourceTree = "<group>"; };
		CE7D41B82CF48EB800362520 /* SuperheroSearcher.swift */ = {isa = PBXFileReference; lastKnownFileType = sourcecode.swift; path = SuperheroSearcher.swift; sourceTree = "<group>"; };
		CE7D41BA2CF48EF700362520 /* ApiNetwork.swift */ = {isa = PBXFileReference; lastKnownFileType = sourcecode.swift; path = ApiNetwork.swift; sourceTree = "<group>"; };
		CE7D41BC2CF48F2100362520 /* SuperheroDetail.swift */ = {isa = PBXFileReference; lastKnownFileType = sourcecode.swift; path = SuperheroDetail.swift; sourceTree = "<group>"; };
/* End PBXFileReference section */

/* Begin PBXFrameworksBuildPhase section */
		CE7D41A42CF48D5800362520 /* Frameworks */ = {
			isa = PBXFrameworksBuildPhase;
			buildActionMask = 2147483647;
			files = (
				CE7D41C02CF48F9F00362520 /* SDWebImageSwiftUI in Frameworks */,
			);
			runOnlyForDeploymentPostprocessing = 0;
		};
/* End PBXFrameworksBuildPhase section */

/* Begin PBXGroup section */
		CE6CBDA62DED1A76003265CB /* Screenshots */ = {
			isa = PBXGroup;
			children = (
				CE6CBDA72DED1AB7003265CB /* Simulator Screenshot - iPhone 15 Pro - 2025-06-01 at 20.21.06.png */,
			);
			path = Screenshots;
			sourceTree = "<group>";
		};
		CE7D419E2CF48D5800362520 = {
			isa = PBXGroup;
			children = (
				CE6CBDA62DED1A76003265CB /* Screenshots */,
				CE7D41A92CF48D5800362520 /* Superhero */,
				CE7D41A82CF48D5800362520 /* Products */,
			);
			sourceTree = "<group>";
		};
		CE7D41A82CF48D5800362520 /* Products */ = {
			isa = PBXGroup;
			children = (
				CE7D41A72CF48D5800362520 /* Superhero.app */,
			);
			name = Products;
			sourceTree = "<group>";
		};
		CE7D41A92CF48D5800362520 /* Superhero */ = {
			isa = PBXGroup;
			children = (
				CE7D41AA2CF48D5800362520 /* SuperheroApp.swift */,
				CE7D41AC2CF48D5800362520 /* MenuView.swift */,
				CE7D41B82CF48EB800362520 /* SuperheroSearcher.swift */,
				CE7D41BA2CF48EF700362520 /* ApiNetwork.swift */,
				CE7D41BC2CF48F2100362520 /* SuperheroDetail.swift */,
				CE7D41AE2CF48D5B00362520 /* Assets.xcassets */,
				CE7D41B02CF48D5B00362520 /* Preview Content */,
			);
			path = Superhero;
			sourceTree = "<group>";
		};
		CE7D41B02CF48D5B00362520 /* Preview Content */ = {
			isa = PBXGroup;
			children = (
				CE7D41B12CF48D5B00362520 /* Preview Assets.xcassets */,
			);
			path = "Preview Content";
			sourceTree = "<group>";
		};
/* End PBXGroup section */

/* Begin PBXNativeTarget section */
		CE7D41A62CF48D5800362520 /* Superhero */ = {
			isa = PBXNativeTarget;
			buildConfigurationList = CE7D41B52CF48D5B00362520 /* Build configuration list for PBXNativeTarget "Superhero" */;
			buildPhases = (
				CE7D41A32CF48D5800362520 /* Sources */,
				CE7D41A42CF48D5800362520 /* Frameworks */,
				CE7D41A52CF48D5800362520 /* Resources */,
			);
			buildRules = (
			);
			dependencies = (
			);
			name = Superhero;
			packageProductDependencies = (
				CE7D41BF2CF48F9F00362520 /* SDWebImageSwiftUI */,
			);
			productName = Superhero;
			productReference = CE7D41A72CF48D5800362520 /* Superhero.app */;
			productType = "com.apple.product-type.application";
		};
/* End PBXNativeTarget section */

/* Begin PBXProject section */
		CE7D419F2CF48D5800362520 /* Project object */ = {
			isa = PBXProject;
			attributes = {
				BuildIndependentTargetsInParallel = 1;
				LastSwiftUpdateCheck = 1420;
				LastUpgradeCheck = 1420;
				TargetAttributes = {
					CE7D41A62CF48D5800362520 = {
						CreatedOnToolsVersion = 14.2;
					};
				};
			};
			buildConfigurationList = CE7D41A22CF48D5800362520 /* Build configuration list for PBXProject "Superhero" */;
			compatibilityVersion = "Xcode 14.0";
			developmentRegion = en;
			hasScannedForEncodings = 0;
			knownRegions = (
				en,
				Base,
			);
			mainGroup = CE7D419E2CF48D5800362520;
			packageReferences = (
				CE7D41BE2CF48F9F00362520 /* XCRemoteSwiftPackageReference "SDWebImageSwiftUI" */,
				CE7D41C12CF48FBC00362520 /* XCRemoteSwiftPackageReference "Charts" */,
			);
			productRefGroup = CE7D41A82CF48D5800362520 /* Products */;
			projectDirPath = "";
			projectRoot = "";
			targets = (
				CE7D41A62CF48D5800362520 /* Superhero */,
			);
		};
/* End PBXProject section */

/* Begin PBXResourcesBuildPhase section */
		CE7D41A52CF48D5800362520 /* Resources */ = {
			isa = PBXResourcesBuildPhase;
			buildActionMask = 2147483647;
			files = (
				CE6CBDA82DED1AB7003265CB /* Simulator Screenshot - iPhone 15 Pro - 2025-06-01 at 20.21.06.png in Resources */,
				CE7D41B22CF48D5B00362520 /* Preview Assets.xcassets in Resources */,
				CE7D41AF2CF48D5B00362520 /* Assets.xcassets in Resources */,
			);
			runOnlyForDeploymentPostprocessing = 0;
		};
/* End PBXResourcesBuildPhase section */

/* Begin PBXSourcesBuildPhase section */
		CE7D41A32CF48D5800362520 /* Sources */ = {
			isa = PBXSourcesBuildPhase;
			buildActionMask = 2147483647;
			files = (
				CE7D41AD2CF48D5800362520 /* MenuView.swift in Sources */,
				CE7D41BD2CF48F2100362520 /* SuperheroDetail.swift in Sources */,
				CE7D41AB2CF48D5800362520 /* SuperheroApp.swift in Sources */,
				CE7D41B92CF48EB800362520 /* SuperheroSearcher.swift in Sources */,
				CE7D41BB2CF48EF700362520 /* ApiNetwork.swift in Sources */,
			);
			runOnlyForDeploymentPostprocessing = 0;
		};
/* End PBXSourcesBuildPhase section */

/* Begin XCBuildConfiguration section */
		CE7D41B32CF48D5B00362520 /* Debug */ = {
			isa = XCBuildConfiguration;
			buildSettings = {
				ALWAYS_SEARCH_USER_PATHS = NO;
				CLANG_ANALYZER_NONNULL = YES;
				CLANG_ANALYZER_NUMBER_OBJECT_CONVERSION = YES_AGGRESSIVE;
				CLANG_CXX_LANGUAGE_STANDARD = "gnu++20";
				CLANG_ENABLE_MODULES = YES;
				CLANG_ENABLE_OBJC_ARC = YES;
				CLANG_ENABLE_OBJC_WEAK = YES;
				CLANG_WARN_BLOCK_CAPTURE_AUTORELEASING = YES;
				CLANG_WARN_BOOL_CONVERSION = YES;
				CLANG_WARN_COMMA = YES;
				CLANG_WARN_CONSTANT_CONVERSION = YES;
				CLANG_WARN_DEPRECATED_OBJC_IMPLEMENTATIONS = YES;
				CLANG_WARN_DIRECT_OBJC_ISA_USAGE = YES_ERROR;
				CLANG_WARN_DOCUMENTATION_COMMENTS = YES;
				CLANG_WARN_EMPTY_BODY = YES;
				CLANG_WARN_ENUM_CONVERSION = YES;
				CLANG_WARN_INFINITE_RECURSION = YES;
				CLANG_WARN_INT_CONVERSION = YES;
				CLANG_WARN_NON_LITERAL_NULL_CONVERSION = YES;
				CLANG_WARN_OBJC_IMPLICIT_RETAIN_SELF = YES;
				CLANG_WARN_OBJC_LITERAL_CONVERSION = YES;
				CLANG_WARN_OBJC_ROOT_CLASS = YES_ERROR;
				CLANG_WARN_QUOTED_INCLUDE_IN_FRAMEWORK_HEADER = YES;
				CLANG_WARN_RANGE_LOOP_ANALYSIS = YES;
				CLANG_WARN_STRICT_PROTOTYPES = YES;
				CLANG_WARN_SUSPICIOUS_MOVE = YES;
				CLANG_WARN_UNGUARDED_AVAILABILITY = YES_AGGRESSIVE;
				CLANG_WARN_UNREACHABLE_CODE = YES;
				CLANG_WARN__DUPLICATE_METHOD_MATCH = YES;
				COPY_PHASE_STRIP = NO;
				DEBUG_INFORMATION_FORMAT = dwarf;
				ENABLE_STRICT_OBJC_MSGSEND = YES;
				ENABLE_TESTABILITY = YES;
				GCC_C_LANGUAGE_STANDARD = gnu11;
				GCC_DYNAMIC_NO_PIC = NO;
				GCC_NO_COMMON_BLOCKS = YES;
				GCC_OPTIMIZATION_LEVEL = 0;
				GCC_PREPROCESSOR_DEFINITIONS = (
					"DEBUG=1",
					"$(inherited)",
				);
				GCC_WARN_64_TO_32_BIT_CONVERSION = YES;
				GCC_WARN_ABOUT_RETURN_TYPE = YES_ERROR;
				GCC_WARN_UNDECLARED_SELECTOR = YES;
				GCC_WARN_UNINITIALIZED_AUTOS = YES_AGGRESSIVE;
				GCC_WARN_UNUSED_FUNCTION = YES;
				GCC_WARN_UNUSED_VARIABLE = YES;
				IPHONEOS_DEPLOYMENT_TARGET = 16.2;
				MTL_ENABLE_DEBUG_INFO = INCLUDE_SOURCE;
				MTL_FAST_MATH = YES;
				ONLY_ACTIVE_ARCH = YES;
				SDKROOT = iphoneos;
				SWIFT_ACTIVE_COMPILATION_CONDITIONS = DEBUG;
				SWIFT_OPTIMIZATION_LEVEL = "-Onone";
			};
			name = Debug;
		};
		CE7D41B42CF48D5B00362520 /* Release */ = {
			isa = XCBuildConfiguration;
			buildSettings = {
				ALWAYS_SEARCH_USER_PATHS = NO;
				CLANG_ANALYZER_NONNULL = YES;
				CLANG_ANALYZER_NUMBER_OBJECT_CONVERSION = YES_AGGRESSIVE;
				CLANG_CXX_LANGUAGE_STANDARD = "gnu++20";
				CLANG_ENABLE_MODULES = YES;
				CLANG_ENABLE_OBJC_ARC = YES;
				CLANG_ENABLE_OBJC_WEAK = YES;
				CLANG_WARN_BLOCK_CAPTURE_AUTORELEASING = YES;
				CLANG_WARN_BOOL_CONVERSION = YES;
				CLANG_WARN_COMMA = YES;
				CLANG_WARN_CONSTANT_CONVERSION = YES;
				CLANG_WARN_DEPRECATED_OBJC_IMPLEMENTATIONS = YES;
				CLANG_WARN_DIRECT_OBJC_ISA_USAGE = YES_ERROR;
				CLANG_WARN_DOCUMENTATION_COMMENTS = YES;
				CLANG_WARN_EMPTY_BODY = YES;
				CLANG_WARN_ENUM_CONVERSION = YES;
				CLANG_WARN_INFINITE_RECURSION = YES;
				CLANG_WARN_INT_CONVERSION = YES;
				CLANG_WARN_NON_LITERAL_NULL_CONVERSION = YES;
				CLANG_WARN_OBJC_IMPLICIT_RETAIN_SELF = YES;
				CLANG_WARN_OBJC_LITERAL_CONVERSION = YES;
				CLANG_WARN_OBJC_ROOT_CLASS = YES_ERROR;
				CLANG_WARN_QUOTED_INCLUDE_IN_FRAMEWORK_HEADER = YES;
				CLANG_WARN_RANGE_LOOP_ANALYSIS = YES;
				CLANG_WARN_STRICT_PROTOTYPES = YES;
				CLANG_WARN_SUSPICIOUS_MOVE = YES;
				CLANG_WARN_UNGUARDED_AVAILABILITY = YES_AGGRESSIVE;
				CLANG_WARN_UNREACHABLE_CODE = YES;
				CLANG_WARN__DUPLICATE_METHOD_MATCH = YES;
				COPY_PHASE_STRIP = NO;
				DEBUG_INFORMATION_FORMAT = "dwarf-with-dsym";
				ENABLE_NS_ASSERTIONS = NO;
				ENABLE_STRICT_OBJC_MSGSEND = YES;
				GCC_C_LANGUAGE_STANDARD = gnu11;
				GCC_NO_COMMON_BLOCKS = YES;
				GCC_WARN_64_TO_32_BIT_CONVERSION = YES;
				GCC_WARN_ABOUT_RETURN_TYPE = YES_ERROR;
				GCC_WARN_UNDECLARED_SELECTOR = YES;
				GCC_WARN_UNINITIALIZED_AUTOS = YES_AGGRESSIVE;
				GCC_WARN_UNUSED_FUNCTION = YES;
				GCC_WARN_UNUSED_VARIABLE = YES;
				IPHONEOS_DEPLOYMENT_TARGET = 16.2;
				MTL_ENABLE_DEBUG_INFO = NO;
				MTL_FAST_MATH = YES;
				SDKROOT = iphoneos;
				SWIFT_COMPILATION_MODE = wholemodule;
				SWIFT_OPTIMIZATION_LEVEL = "-O";
				VALIDATE_PRODUCT = YES;
			};
			name = Release;
		};
		CE7D41B62CF48D5B00362520 /* Debug */ = {
			isa = XCBuildConfiguration;
			buildSettings = {
				ASSETCATALOG_COMPILER_APPICON_NAME = AppIcon;
				ASSETCATALOG_COMPILER_GLOBAL_ACCENT_COLOR_NAME = AccentColor;
				CODE_SIGN_STYLE = Automatic;
				CURRENT_PROJECT_VERSION = 1;
				DEVELOPMENT_ASSET_PATHS = "\"Superhero/Preview Content\"";
				DEVELOPMENT_TEAM = 4KU6NHG927;
				ENABLE_PREVIEWS = YES;
				GENERATE_INFOPLIST_FILE = YES;
				INFOPLIST_KEY_UIApplicationSceneManifest_Generation = YES;
				INFOPLIST_KEY_UIApplicationSupportsIndirectInputEvents = YES;
				INFOPLIST_KEY_UILaunchScreen_Generation = YES;
				INFOPLIST_KEY_UISupportedInterfaceOrientations_iPad = "UIInterfaceOrientationPortrait UIInterfaceOrientationPortraitUpsideDown UIInterfaceOrientationLandscapeLeft UIInterfaceOrientationLandscapeRight";
				INFOPLIST_KEY_UISupportedInterfaceOrientations_iPhone = "UIInterfaceOrientationPortrait UIInterfaceOrientationLandscapeLeft UIInterfaceOrientationLandscapeRight";
				IPHONEOS_DEPLOYMENT_TARGET = 17.2;
				LD_RUNPATH_SEARCH_PATHS = (
					"$(inherited)",
					"@executable_path/Frameworks",
				);
				MARKETING_VERSION = 1.0;
				PRODUCT_BUNDLE_IDENTIFIER = hyliard.Superhero;
				PRODUCT_NAME = "$(TARGET_NAME)";
				SWIFT_EMIT_LOC_STRINGS = YES;
				SWIFT_VERSION = 5.0;
				TARGETED_DEVICE_FAMILY = "1,2";
			};
			name = Debug;
		};
		CE7D41B72CF48D5B00362520 /* Release */ = {
			isa = XCBuildConfiguration;
			buildSettings = {
				ASSETCATALOG_COMPILER_APPICON_NAME = AppIcon;
				ASSETCATALOG_COMPILER_GLOBAL_ACCENT_COLOR_NAME = AccentColor;
				CODE_SIGN_STYLE = Automatic;
				CURRENT_PROJECT_VERSION = 1;
				DEVELOPMENT_ASSET_PATHS = "\"Superhero/Preview Content\"";
				DEVELOPMENT_TEAM = 4KU6NHG927;
				ENABLE_PREVIEWS = YES;
				GENERATE_INFOPLIST_FILE = YES;
				INFOPLIST_KEY_UIApplicationSceneManifest_Generation = YES;
				INFOPLIST_KEY_UIApplicationSupportsIndirectInputEvents = YES;
				INFOPLIST_KEY_UILaunchScreen_Generation = YES;
				INFOPLIST_KEY_UISupportedInterfaceOrientations_iPad = "UIInterfaceOrientationPortrait UIInterfaceOrientationPortraitUpsideDown UIInterfaceOrientationLandscapeLeft UIInterfaceOrientationLandscapeRight";
				INFOPLIST_KEY_UISupportedInterfaceOrientations_iPhone = "UIInterfaceOrientationPortrait UIInterfaceOrientationLandscapeLeft UIInterfaceOrientationLandscapeRight";
				IPHONEOS_DEPLOYMENT_TARGET = 17.2;
				LD_RUNPATH_SEARCH_PATHS = (
					"$(inherited)",
					"@executable_path/Frameworks",
				);
				MARKETING_VERSION = 1.0;
				PRODUCT_BUNDLE_IDENTIFIER = hyliard.Superhero;
				PRODUCT_NAME = "$(TARGET_NAME)";
				SWIFT_EMIT_LOC_STRINGS = YES;
				SWIFT_VERSION = 5.0;
				TARGETED_DEVICE_FAMILY = "1,2";
			};
			name = Release;
		};
/* End XCBuildConfiguration section */

/* Begin XCConfigurationList section */
		CE7D41A22CF48D5800362520 /* Build configuration list for PBXProject "Superhero" */ = {
			isa = XCConfigurationList;
			buildConfigurations = (
				CE7D41B32CF48D5B00362520 /* Debug */,
				CE7D41B42CF48D5B00362520 /* Release */,
			);
			defaultConfigurationIsVisible = 0;
			defaultConfigurationName = Release;
		};
		CE7D41B52CF48D5B00362520 /* Build configuration list for PBXNativeTarget "Superhero" */ = {
			isa = XCConfigurationList;
			buildConfigurations = (
				CE7D41B62CF48D5B00362520 /* Debug */,
				CE7D41B72CF48D5B00362520 /* Release */,
			);
			defaultConfigurationIsVisible = 0;
			defaultConfigurationName = Release;
		};
/* End XCConfigurationList section */

/* Begin XCRemoteSwiftPackageReference section */
		CE7D41BE2CF48F9F00362520 /* XCRemoteSwiftPackageReference "SDWebImageSwiftUI" */ = {
			isa = XCRemoteSwiftPackageReference;
			repositoryURL = "https://github.com/SDWebImage/SDWebImageSwiftUI";
			requirement = {
				branch = master;
				kind = branch;
			};
		};
		CE7D41C12CF48FBC00362520 /* XCRemoteSwiftPackageReference "Charts" */ = {
			isa = XCRemoteSwiftPackageReference;
			repositoryURL = "https://github.com/danielgindi/Charts";
			requirement = {
				branch = master;
				kind = branch;
			};
		};
/* End XCRemoteSwiftPackageReference section */

/* Begin XCSwiftPackageProductDependency section */
		CE7D41BF2CF48F9F00362520 /* SDWebImageSwiftUI */ = {
			isa = XCSwiftPackageProductDependency;
			package = CE7D41BE2CF48F9F00362520 /* XCRemoteSwiftPackageReference "SDWebImageSwiftUI" */;
			productName = SDWebImageSwiftUI;
		};
/* End XCSwiftPackageProductDependency section */
	};
	rootObject = CE7D419F2CF48D5800362520 /* Project object */;
}
